{
  "originHash" : "3c5f5acd43478d2f4fdb217d91f4440c89bba163ec52d786a005021fcee67ebf",
  "pins" : [
    {
      "identity" : "mpvkit",
      "kind" : "remoteSourceControl",
      "location" : "https://github.com/mpvkit/MPVKit.git",
      "state" : {
        "revision" : "288527dffbc6d3e63cce147fc7b520c64a791603",
        "version" : "1.0.0"
      }
    }
  ],
  "version" : 3
}
